// !$*UTF8*$!
{
	archiveVersion = 1;
	classes = {
	};
	objectVersion = 46;
	objects = {

/* Begin PBXBuildFile section */
		0AD095A42B015280ACB9C777 /* libPods-MemoOC.a in Frameworks */ = {isa = PBXBuildFile; fileRef = E12BD68C3625EC2705FACCBF /* libPods-MemoOC.a */; };
		B247FCFB1B74F5A500A0AAB4 /* CoreLocation.framework in Frameworks */ = {isa = PBXBuildFile; fileRef = B247FCFA1B74F5A500A0AAB4 /* CoreLocation.framework */; };
		B25AAC9F1B6F53A500E2502F /* MMTableViewController.m in Sources */ = {isa = PBXBuildFile; fileRef = B25AAC9E1B6F53A500E2502F /* MMTableViewController.m */; };
		B25AACA21B6F5A5600E2502F /* AccessHelper.m in Sources */ = {isa = PBXBuildFile; fileRef = B25AACA11B6F5A5600E2502F /* AccessHelper.m */; };
		B2BCF5B21B7C471400464E67 /* Images.xcassets in Resources */ = {isa = PBXBuildFile; fileRef = B2BCF5B11B7C471400464E67 /* Images.xcassets */; };
		B2F88C8B1B6B9712002567BE /* main.m in Sources */ = {isa = PBXBuildFile; fileRef = B2F88C8A1B6B9712002567BE /* main.m */; };
		B2F88C8E1B6B9712002567BE /* AppDelegate.m in Sources */ = {isa = PBXBuildFile; fileRef = B2F88C8D1B6B9712002567BE /* AppDelegate.m */; };
		B2F88C991B6B9712002567BE /* LaunchScreen.xib in Resources */ = {isa = PBXBuildFile; fileRef = B2F88C971B6B9712002567BE /* LaunchScreen.xib */; };
		B2F88CA51B6B9712002567BE /* MemoOCTests.m in Sources */ = {isa = PBXBuildFile; fileRef = B2F88CA41B6B9712002567BE /* MemoOCTests.m */; };
		B2F88CE61B6B99A6002567BE /* Note.storyboard in Resources */ = {isa = PBXBuildFile; fileRef = B2F88CBB1B6B99A6002567BE /* Note.storyboard */; };
		B2F88CF81B6B9A06002567BE /* CommonHelper.m in Sources */ = {isa = PBXBuildFile; fileRef = B2F88CF71B6B9A06002567BE /* CommonHelper.m */; };
		B2F88CFC1B6B9AA7002567BE /* MMViewController.m in Sources */ = {isa = PBXBuildFile; fileRef = B2F88CFB1B6B9AA7002567BE /* MMViewController.m */; };
		B2F88D021B6B9C57002567BE /* MMTabBarController.m in Sources */ = {isa = PBXBuildFile; fileRef = B2F88D011B6B9C57002567BE /* MMTabBarController.m */; };
		B2F88D0B1B6BBEA3002567BE /* MMTouchLockSplashViewController.m in Sources */ = {isa = PBXBuildFile; fileRef = B2F88D0A1B6BBEA3002567BE /* MMTouchLockSplashViewController.m */; };
		B2F88D0E1B6BBEE8002567BE /* MMNoteEditTextView.m in Sources */ = {isa = PBXBuildFile; fileRef = B2F88D0D1B6BBEE8002567BE /* MMNoteEditTextView.m */; };
		B2F88D101B6BC6C4002567BE /* Main.Storyboard in Resources */ = {isa = PBXBuildFile; fileRef = B2F88D0F1B6BC6C4002567BE /* Main.Storyboard */; };
		B2F9DE251B6C722E003A7DCA /* NoteList.plist in Resources */ = {isa = PBXBuildFile; fileRef = B2F9DE241B6C722E003A7DCA /* NoteList.plist */; };
		B2F9DE281B6C7269003A7DCA /* MMNoteData.m in Sources */ = {isa = PBXBuildFile; fileRef = B2F9DE271B6C7269003A7DCA /* MMNoteData.m */; };
		B2F9DE2B1B6C79B9003A7DCA /* FMDBHelper.m in Sources */ = {isa = PBXBuildFile; fileRef = B2F9DE2A1B6C79B9003A7DCA /* FMDBHelper.m */; };
		B2FB15191B71F15700624419 /* MMNoteEditViewController.m in Sources */ = {isa = PBXBuildFile; fileRef = B2FB15131B71F15700624419 /* MMNoteEditViewController.m */; };
		B2FB151A1B71F15700624419 /* MMNoteListViewController.m in Sources */ = {isa = PBXBuildFile; fileRef = B2FB15151B71F15700624419 /* MMNoteListViewController.m */; };
		B2FB151B1B71F15700624419 /* MMNotebookSelectionTableViewController.m in Sources */ = {isa = PBXBuildFile; fileRef = B2FB15181B71F15700624419 /* MMNotebookSelectionTableViewController.m */; };
		B2FB15241B71F49600624419 /* MMNotebookCreateViewController.m in Sources */ = {isa = PBXBuildFile; fileRef = B2FB15231B71F49600624419 /* MMNotebookCreateViewController.m */; };
		B2FB15271B71F7AB00624419 /* MMNotebookCreateTableViewController.m in Sources */ = {isa = PBXBuildFile; fileRef = B2FB15261B71F7AB00624419 /* MMNotebookCreateTableViewController.m */; };
		B2FB2CE41B70693400F8F605 /* MMNavigationController.m in Sources */ = {isa = PBXBuildFile; fileRef = B2FB2CE31B70693400F8F605 /* MMNavigationController.m */; };
		B2FB70791B6DF23800BA05AA /* Setting.storyboard in Resources */ = {isa = PBXBuildFile; fileRef = B2FB70781B6DF23800BA05AA /* Setting.storyboard */; };
		B2FB707C1B6DF27400BA05AA /* MMSettingTableViewController.m in Sources */ = {isa = PBXBuildFile; fileRef = B2FB707B1B6DF27400BA05AA /* MMSettingTableViewController.m */; };
		B2FB707E1B6DF2C500BA05AA /* SettingList.plist in Resources */ = {isa = PBXBuildFile; fileRef = B2FB707D1B6DF2C500BA05AA /* SettingList.plist */; };
/* End PBXBuildFile section */

/* Begin PBXContainerItemProxy section */
		B2F88C9F1B6B9712002567BE /* PBXContainerItemProxy */ = {
			isa = PBXContainerItemProxy;
			containerPortal = B2F88C7D1B6B9712002567BE /* Project object */;
			proxyType = 1;
			remoteGlobalIDString = B2F88C841B6B9712002567BE;
			remoteInfo = MemoOC;
		};
/* End PBXContainerItemProxy section */

/* Begin PBXFileReference section */
		0CB710FF5605CD19DEE6C6B1 /* Pods-MemoOC.release.xcconfig */ = {isa = PBXFileReference; includeInIndex = 1; lastKnownFileType = text.xcconfig; name = "Pods-MemoOC.release.xcconfig"; path = "Pods/Target Support Files/Pods-MemoOC/Pods-MemoOC.release.xcconfig"; sourceTree = "<group>"; };
		4283CCFC37DA233488C5BB96 /* Pods-MemoOC.debug.xcconfig */ = {isa = PBXFileReference; includeInIndex = 1; lastKnownFileType = text.xcconfig; name = "Pods-MemoOC.debug.xcconfig"; path = "Pods/Target Support Files/Pods-MemoOC/Pods-MemoOC.debug.xcconfig"; sourceTree = "<group>"; };
		B247FCFA1B74F5A500A0AAB4 /* CoreLocation.framework */ = {isa = PBXFileReference; lastKnownFileType = wrapper.framework; name = CoreLocation.framework; path = System/Library/Frameworks/CoreLocation.framework; sourceTree = SDKROOT; };
		B25AAC9D1B6F53A500E2502F /* MMTableViewController.h */ = {isa = PBXFileReference; fileEncoding = 4; lastKnownFileType = sourcecode.c.h; path = MMTableViewController.h; sourceTree = "<group>"; };
		B25AAC9E1B6F53A500E2502F /* MMTableViewController.m */ = {isa = PBXFileReference; fileEncoding = 4; lastKnownFileType = sourcecode.c.objc; path = MMTableViewController.m; sourceTree = "<group>"; };
		B25AACA01B6F5A5600E2502F /* AccessHelper.h */ = {isa = PBXFileReference; fileEncoding = 4; lastKnownFileType = sourcecode.c.h; path = AccessHelper.h; sourceTree = "<group>"; };
		B25AACA11B6F5A5600E2502F /* AccessHelper.m */ = {isa = PBXFileReference; fileEncoding = 4; lastKnownFileType = sourcecode.c.objc; path = AccessHelper.m; sourceTree = "<group>"; };
		B2BCF5B11B7C471400464E67 /* Images.xcassets */ = {isa = PBXFileReference; lastKnownFileType = folder.assetcatalog; path = Images.xcassets; sourceTree = "<group>"; };
		B2F88C851B6B9712002567BE /* MemoOC.app */ = {isa = PBXFileReference; explicitFileType = wrapper.application; includeInIndex = 0; path = MemoOC.app; sourceTree = BUILT_PRODUCTS_DIR; };
		B2F88C891B6B9712002567BE /* Info.plist */ = {isa = PBXFileReference; lastKnownFileType = text.plist.xml; path = Info.plist; sourceTree = "<group>"; };
		B2F88C8A1B6B9712002567BE /* main.m */ = {isa = PBXFileReference; lastKnownFileType = sourcecode.c.objc; path = main.m; sourceTree = "<group>"; };
		B2F88C8C1B6B9712002567BE /* AppDelegate.h */ = {isa = PBXFileReference; lastKnownFileType = sourcecode.c.h; path = AppDelegate.h; sourceTree = "<group>"; };
		B2F88C8D1B6B9712002567BE /* AppDelegate.m */ = {isa = PBXFileReference; lastKnownFileType = sourcecode.c.objc; path = AppDelegate.m; sourceTree = "<group>"; };
		B2F88C981B6B9712002567BE /* Base */ = {isa = PBXFileReference; lastKnownFileType = file.xib; name = Base; path = Base.lproj/LaunchScreen.xib; sourceTree = "<group>"; };
		B2F88C9E1B6B9712002567BE /* MemoOCTests.xctest */ = {isa = PBXFileReference; explicitFileType = wrapper.cfbundle; includeInIndex = 0; path = MemoOCTests.xctest; sourceTree = BUILT_PRODUCTS_DIR; };
		B2F88CA31B6B9712002567BE /* Info.plist */ = {isa = PBXFileReference; lastKnownFileType = text.plist.xml; path = Info.plist; sourceTree = "<group>"; };
		B2F88CA41B6B9712002567BE /* MemoOCTests.m */ = {isa = PBXFileReference; lastKnownFileType = sourcecode.c.objc; path = MemoOCTests.m; sourceTree = "<group>"; };
		B2F88CBB1B6B99A6002567BE /* Note.storyboard */ = {isa = PBXFileReference; fileEncoding = 4; lastKnownFileType = file.storyboard; path = Note.storyboard; sourceTree = "<group>"; };
		B2F88CF61B6B9A06002567BE /* CommonHelper.h */ = {isa = PBXFileReference; fileEncoding = 4; lastKnownFileType = sourcecode.c.h; path = CommonHelper.h; sourceTree = "<group>"; };
		B2F88CF71B6B9A06002567BE /* CommonHelper.m */ = {isa = PBXFileReference; fileEncoding = 4; lastKnownFileType = sourcecode.c.objc; path = CommonHelper.m; sourceTree = "<group>"; };
		B2F88CF91B6B9A46002567BE /* Singleton.h */ = {isa = PBXFileReference; lastKnownFileType = sourcecode.c.h; path = Singleton.h; sourceTree = "<group>"; };
		B2F88CFA1B6B9AA7002567BE /* MMViewController.h */ = {isa = PBXFileReference; fileEncoding = 4; lastKnownFileType = sourcecode.c.h; path = MMViewController.h; sourceTree = "<group>"; };
		B2F88CFB1B6B9AA7002567BE /* MMViewController.m */ = {isa = PBXFileReference; fileEncoding = 4; lastKnownFileType = sourcecode.c.objc; path = MMViewController.m; sourceTree = "<group>"; };
		B2F88D001B6B9C57002567BE /* MMTabBarController.h */ = {isa = PBXFileReference; fileEncoding = 4; lastKnownFileType = sourcecode.c.h; path = MMTabBarController.h; sourceTree = "<group>"; };
		B2F88D011B6B9C57002567BE /* MMTabBarController.m */ = {isa = PBXFileReference; fileEncoding = 4; lastKnownFileType = sourcecode.c.objc; path = MMTabBarController.m; sourceTree = "<group>"; };
		B2F88D091B6BBEA3002567BE /* MMTouchLockSplashViewController.h */ = {isa = PBXFileReference; fileEncoding = 4; lastKnownFileType = sourcecode.c.h; path = MMTouchLockSplashViewController.h; sourceTree = "<group>"; };
		B2F88D0A1B6BBEA3002567BE /* MMTouchLockSplashViewController.m */ = {isa = PBXFileReference; fileEncoding = 4; lastKnownFileType = sourcecode.c.objc; path = MMTouchLockSplashViewController.m; sourceTree = "<group>"; };
		B2F88D0C1B6BBEE8002567BE /* MMNoteEditTextView.h */ = {isa = PBXFileReference; fileEncoding = 4; lastKnownFileType = sourcecode.c.h; path = MMNoteEditTextView.h; sourceTree = "<group>"; };
		B2F88D0D1B6BBEE8002567BE /* MMNoteEditTextView.m */ = {isa = PBXFileReference; fileEncoding = 4; lastKnownFileType = sourcecode.c.objc; path = MMNoteEditTextView.m; sourceTree = "<group>"; };
		B2F88D0F1B6BC6C4002567BE /* Main.Storyboard */ = {isa = PBXFileReference; fileEncoding = 4; lastKnownFileType = file.storyboard; path = Main.Storyboard; sourceTree = "<group>"; };
		B2F9DE211B6C65CB003A7DCA /* MMConstant.h */ = {isa = PBXFileReference; lastKnownFileType = sourcecode.c.h; path = MMConstant.h; sourceTree = "<group>"; };
		B2F9DE221B6C66A4003A7DCA /* MemoOC-Prefix.pch */ = {isa = PBXFileReference; lastKnownFileType = sourcecode.c.h; path = "MemoOC-Prefix.pch"; sourceTree = "<group>"; };
		B2F9DE241B6C722E003A7DCA /* NoteList.plist */ = {isa = PBXFileReference; fileEncoding = 4; lastKnownFileType = text.plist.xml; path = NoteList.plist; sourceTree = "<group>"; };
		B2F9DE261B6C7269003A7DCA /* MMNoteData.h */ = {isa = PBXFileReference; fileEncoding = 4; lastKnownFileType = sourcecode.c.h; path = MMNoteData.h; sourceTree = "<group>"; };
		B2F9DE271B6C7269003A7DCA /* MMNoteData.m */ = {isa = PBXFileReference; fileEncoding = 4; lastKnownFileType = sourcecode.c.objc; path = MMNoteData.m; sourceTree = "<group>"; };
		B2F9DE291B6C79B9003A7DCA /* FMDBHelper.h */ = {isa = PBXFileReference; fileEncoding = 4; lastKnownFileType = sourcecode.c.h; path = FMDBHelper.h; sourceTree = "<group>"; };
		B2F9DE2A1B6C79B9003A7DCA /* FMDBHelper.m */ = {isa = PBXFileReference; fileEncoding = 4; lastKnownFileType = sourcecode.c.objc; path = FMDBHelper.m; sourceTree = "<group>"; };
		B2FB15121B71F15700624419 /* MMNoteEditViewController.h */ = {isa = PBXFileReference; fileEncoding = 4; lastKnownFileType = sourcecode.c.h; path = MMNoteEditViewController.h; sourceTree = "<group>"; };
		B2FB15131B71F15700624419 /* MMNoteEditViewController.m */ = {isa = PBXFileReference; fileEncoding = 4; lastKnownFileType = sourcecode.c.objc; path = MMNoteEditViewController.m; sourceTree = "<group>"; };
		B2FB15141B71F15700624419 /* MMNoteListViewController.h */ = {isa = PBXFileReference; fileEncoding = 4; lastKnownFileType = sourcecode.c.h; path = MMNoteListViewController.h; sourceTree = "<group>"; };
		B2FB15151B71F15700624419 /* MMNoteListViewController.m */ = {isa = PBXFileReference; fileEncoding = 4; lastKnownFileType = sourcecode.c.objc; path = MMNoteListViewController.m; sourceTree = "<group>"; };
		B2FB15171B71F15700624419 /* MMNotebookSelectionTableViewController.h */ = {isa = PBXFileReference; fileEncoding = 4; lastKnownFileType = sourcecode.c.h; path = MMNotebookSelectionTableViewController.h; sourceTree = "<group>"; };
		B2FB15181B71F15700624419 /* MMNotebookSelectionTableViewController.m */ = {isa = PBXFileReference; fileEncoding = 4; lastKnownFileType = sourcecode.c.objc; path = MMNotebookSelectionTableViewController.m; sourceTree = "<group>"; };
		B2FB15221B71F49600624419 /* MMNotebookCreateViewController.h */ = {isa = PBXFileReference; fileEncoding = 4; lastKnownFileType = sourcecode.c.h; path = MMNotebookCreateViewController.h; sourceTree = "<group>"; };
		B2FB15231B71F49600624419 /* MMNotebookCreateViewController.m */ = {isa = PBXFileReference; fileEncoding = 4; lastKnownFileType = sourcecode.c.objc; path = MMNotebookCreateViewController.m; sourceTree = "<group>"; };
		B2FB15251B71F7AB00624419 /* MMNotebookCreateTableViewController.h */ = {isa = PBXFileReference; fileEncoding = 4; lastKnownFileType = sourcecode.c.h; path = MMNotebookCreateTableViewController.h; sourceTree = "<group>"; };
		B2FB15261B71F7AB00624419 /* MMNotebookCreateTableViewController.m */ = {isa = PBXFileReference; fileEncoding = 4; lastKnownFileType = sourcecode.c.objc; path = MMNotebookCreateTableViewController.m; sourceTree = "<group>"; };
		B2FB2CE21B70693400F8F605 /* MMNavigationController.h */ = {isa = PBXFileReference; fileEncoding = 4; lastKnownFileType = sourcecode.c.h; path = MMNavigationController.h; sourceTree = "<group>"; };
		B2FB2CE31B70693400F8F605 /* MMNavigationController.m */ = {isa = PBXFileReference; fileEncoding = 4; lastKnownFileType = sourcecode.c.objc; path = MMNavigationController.m; sourceTree = "<group>"; };
		B2FB70781B6DF23800BA05AA /* Setting.storyboard */ = {isa = PBXFileReference; fileEncoding = 4; lastKnownFileType = file.storyboard; path = Setting.storyboard; sourceTree = "<group>"; };
		B2FB707A1B6DF27400BA05AA /* MMSettingTableViewController.h */ = {isa = PBXFileReference; fileEncoding = 4; lastKnownFileType = sourcecode.c.h; path = MMSettingTableViewController.h; sourceTree = "<group>"; };
		B2FB707B1B6DF27400BA05AA /* MMSettingTableViewController.m */ = {isa = PBXFileReference; fileEncoding = 4; lastKnownFileType = sourcecode.c.objc; path = MMSettingTableViewController.m; sourceTree = "<group>"; };
		B2FB707D1B6DF2C500BA05AA /* SettingList.plist */ = {isa = PBXFileReference; fileEncoding = 4; lastKnownFileType = text.plist.xml; path = SettingList.plist; sourceTree = "<group>"; };
		E12BD68C3625EC2705FACCBF /* libPods-MemoOC.a */ = {isa = PBXFileReference; explicitFileType = archive.ar; includeInIndex = 0; path = "libPods-MemoOC.a"; sourceTree = BUILT_PRODUCTS_DIR; };
/* End PBXFileReference section */

/* Begin PBXFrameworksBuildPhase section */
		B2F88C821B6B9712002567BE /* Frameworks */ = {
			isa = PBXFrameworksBuildPhase;
			buildActionMask = 2147483647;
			files = (
				B247FCFB1B74F5A500A0AAB4 /* CoreLocation.framework in Frameworks */,
				0AD095A42B015280ACB9C777 /* libPods-MemoOC.a in Frameworks */,
			);
			runOnlyForDeploymentPostprocessing = 0;
		};
		B2F88C9B1B6B9712002567BE /* Frameworks */ = {
			isa = PBXFrameworksBuildPhase;
			buildActionMask = 2147483647;
			files = (
			);
			runOnlyForDeploymentPostprocessing = 0;
		};
/* End PBXFrameworksBuildPhase section */

/* Begin PBXGroup section */
		66483BC40F980CBB515C034E /* Frameworks */ = {
			isa = PBXGroup;
			children = (
				B247FCFA1B74F5A500A0AAB4 /* CoreLocation.framework */,
				E12BD68C3625EC2705FACCBF /* libPods-MemoOC.a */,
			);
			name = Frameworks;
			sourceTree = "<group>";
		};
		B2F88C7C1B6B9711002567BE = {
			isa = PBXGroup;
			children = (
				B2F88C871B6B9712002567BE /* MemoOC */,
				B2F88CA11B6B9712002567BE /* MemoOCTests */,
				B2F88C861B6B9712002567BE /* Products */,
				E9B144FFE9756721C97BF9E6 /* Pods */,
				66483BC40F980CBB515C034E /* Frameworks */,
			);
			sourceTree = "<group>";
		};
		B2F88C861B6B9712002567BE /* Products */ = {
			isa = PBXGroup;
			children = (
				B2F88C851B6B9712002567BE /* MemoOC.app */,
				B2F88C9E1B6B9712002567BE /* MemoOCTests.xctest */,
			);
			name = Products;
			sourceTree = "<group>";
		};
		B2F88C871B6B9712002567BE /* MemoOC */ = {
			isa = PBXGroup;
			children = (
				B2F9DE231B6C720F003A7DCA /* Model */,
				B2F88CAE1B6B99A6002567BE /* Helper */,
				B2F88CC01B6B99A6002567BE /* Template */,
				B2F88CB01B6B99A6002567BE /* Module */,
				B2F88CC21B6B99A6002567BE /* Vendor */,
				B2F88C881B6B9712002567BE /* Supporting Files */,
			);
			path = MemoOC;
			sourceTree = "<group>";
		};
		B2F88C881B6B9712002567BE /* Supporting Files */ = {
			isa = PBXGroup;
			children = (
				B2BCF5B11B7C471400464E67 /* Images.xcassets */,
				B2F88C8C1B6B9712002567BE /* AppDelegate.h */,
				B2F88C8D1B6B9712002567BE /* AppDelegate.m */,
				B2F88D0F1B6BC6C4002567BE /* Main.Storyboard */,
				B2F88C971B6B9712002567BE /* LaunchScreen.xib */,
				B2F88C891B6B9712002567BE /* Info.plist */,
				B2F88C8A1B6B9712002567BE /* main.m */,
				B2F9DE211B6C65CB003A7DCA /* MMConstant.h */,
				B2F9DE221B6C66A4003A7DCA /* MemoOC-Prefix.pch */,
			);
			name = "Supporting Files";
			sourceTree = "<group>";
		};
		B2F88CA11B6B9712002567BE /* MemoOCTests */ = {
			isa = PBXGroup;
			children = (
				B2F88CA41B6B9712002567BE /* MemoOCTests.m */,
				B2F88CA21B6B9712002567BE /* Supporting Files */,
			);
			path = MemoOCTests;
			sourceTree = "<group>";
		};
		B2F88CA21B6B9712002567BE /* Supporting Files */ = {
			isa = PBXGroup;
			children = (
				B2F88CA31B6B9712002567BE /* Info.plist */,
			);
			name = "Supporting Files";
			sourceTree = "<group>";
		};
		B2F88CAE1B6B99A6002567BE /* Helper */ = {
			isa = PBXGroup;
			children = (
				B2F9DE291B6C79B9003A7DCA /* FMDBHelper.h */,
				B2F9DE2A1B6C79B9003A7DCA /* FMDBHelper.m */,
				B2F88CF91B6B9A46002567BE /* Singleton.h */,
				B2F88CF61B6B9A06002567BE /* CommonHelper.h */,
				B2F88CF71B6B9A06002567BE /* CommonHelper.m */,
				B25AACA01B6F5A5600E2502F /* AccessHelper.h */,
				B25AACA11B6F5A5600E2502F /* AccessHelper.m */,
			);
			path = Helper;
			sourceTree = "<group>";
		};
		B2F88CB01B6B99A6002567BE /* Module */ = {
			isa = PBXGroup;
			children = (
				B2FB70731B6DF14F00BA05AA /* Setting */,
				B2F88CB11B6B99A6002567BE /* MainFrame */,
				B2F88CB41B6B99A6002567BE /* Note */,
				B2F88CBE1B6B99A6002567BE /* TouchLock */,
			);
			path = Module;
			sourceTree = "<group>";
		};
		B2F88CB11B6B99A6002567BE /* MainFrame */ = {
			isa = PBXGroup;
			children = (
				B2F88D001B6B9C57002567BE /* MMTabBarController.h */,
				B2F88D011B6B9C57002567BE /* MMTabBarController.m */,
			);
			path = MainFrame;
			sourceTree = "<group>";
		};
		B2F88CB41B6B99A6002567BE /* Note */ = {
			isa = PBXGroup;
			children = (
				B2FB15111B71F15700624419 /* MainController */,
				B2FB15161B71F15700624419 /* MinorController */,
				B2F88CB81B6B99A6002567BE /* Model */,
				B2F88CBA1B6B99A6002567BE /* Source */,
				B2F88CBC1B6B99A6002567BE /* View */,
			);
			path = Note;
			sourceTree = "<group>";
		};
		B2F88CB81B6B99A6002567BE /* Model */ = {
			isa = PBXGroup;
			children = (
			);
			path = Model;
			sourceTree = "<group>";
		};
		B2F88CBA1B6B99A6002567BE /* Source */ = {
			isa = PBXGroup;
			children = (
				B2F9DE241B6C722E003A7DCA /* NoteList.plist */,
				B2F88CBB1B6B99A6002567BE /* Note.storyboard */,
			);
			path = Source;
			sourceTree = "<group>";
		};
		B2F88CBC1B6B99A6002567BE /* View */ = {
			isa = PBXGroup;
			children = (
				B2F88D0C1B6BBEE8002567BE /* MMNoteEditTextView.h */,
				B2F88D0D1B6BBEE8002567BE /* MMNoteEditTextView.m */,
			);
			path = View;
			sourceTree = "<group>";
		};
		B2F88CBE1B6B99A6002567BE /* TouchLock */ = {
			isa = PBXGroup;
			children = (
				B2F88D091B6BBEA3002567BE /* MMTouchLockSplashViewController.h */,
				B2F88D0A1B6BBEA3002567BE /* MMTouchLockSplashViewController.m */,
			);
			path = TouchLock;
			sourceTree = "<group>";
		};
		B2F88CC01B6B99A6002567BE /* Template */ = {
			isa = PBXGroup;
			children = (
				B2FB2CE21B70693400F8F605 /* MMNavigationController.h */,
				B2FB2CE31B70693400F8F605 /* MMNavigationController.m */,
				B2F88CFA1B6B9AA7002567BE /* MMViewController.h */,
				B2F88CFB1B6B9AA7002567BE /* MMViewController.m */,
				B25AAC9D1B6F53A500E2502F /* MMTableViewController.h */,
				B25AAC9E1B6F53A500E2502F /* MMTableViewController.m */,
			);
			path = Template;
			sourceTree = "<group>";
		};
		B2F88CC21B6B99A6002567BE /* Vendor */ = {
			isa = PBXGroup;
			children = (
			);
			path = Vendor;
			sourceTree = "<group>";
		};
		B2F9DE231B6C720F003A7DCA /* Model */ = {
			isa = PBXGroup;
			children = (
				B2F9DE261B6C7269003A7DCA /* MMNoteData.h */,
				B2F9DE271B6C7269003A7DCA /* MMNoteData.m */,
			);
			path = Model;
			sourceTree = "<group>";
		};
		B2FB15111B71F15700624419 /* MainController */ = {
			isa = PBXGroup;
			children = (
				B2FB15121B71F15700624419 /* MMNoteEditViewController.h */,
				B2FB15131B71F15700624419 /* MMNoteEditViewController.m */,
				B2FB15141B71F15700624419 /* MMNoteListViewController.h */,
				B2FB15151B71F15700624419 /* MMNoteListViewController.m */,
			);
			path = MainController;
			sourceTree = "<group>";
		};
		B2FB15161B71F15700624419 /* MinorController */ = {
			isa = PBXGroup;
			children = (
				B2FB15171B71F15700624419 /* MMNotebookSelectionTableViewController.h */,
				B2FB15181B71F15700624419 /* MMNotebookSelectionTableViewController.m */,
				B2FB15221B71F49600624419 /* MMNotebookCreateViewController.h */,
				B2FB15231B71F49600624419 /* MMNotebookCreateViewController.m */,
				B2FB15251B71F7AB00624419 /* MMNotebookCreateTableViewController.h */,
				B2FB15261B71F7AB00624419 /* MMNotebookCreateTableViewController.m */,
			);
			path = MinorController;
			sourceTree = "<group>";
		};
		B2FB70731B6DF14F00BA05AA /* Setting */ = {
			isa = PBXGroup;
			children = (
				B2FB70771B6DF22800BA05AA /* Source */,
				B2FB707A1B6DF27400BA05AA /* MMSettingTableViewController.h */,
				B2FB707B1B6DF27400BA05AA /* MMSettingTableViewController.m */,
			);
			path = Setting;
			sourceTree = "<group>";
		};
		B2FB70771B6DF22800BA05AA /* Source */ = {
			isa = PBXGroup;
			children = (
				B2FB70781B6DF23800BA05AA /* Setting.storyboard */,
				B2FB707D1B6DF2C500BA05AA /* SettingList.plist */,
			);
			path = Source;
			sourceTree = "<group>";
		};
		E9B144FFE9756721C97BF9E6 /* Pods */ = {
			isa = PBXGroup;
			children = (
				4283CCFC37DA233488C5BB96 /* Pods-MemoOC.debug.xcconfig */,
				0CB710FF5605CD19DEE6C6B1 /* Pods-MemoOC.release.xcconfig */,
			);
			name = Pods;
			sourceTree = "<group>";
		};
/* End PBXGroup section */

/* Begin PBXNativeTarget section */
		B2F88C841B6B9712002567BE /* MemoOC */ = {
			isa = PBXNativeTarget;
			buildConfigurationList = B2F88CA81B6B9712002567BE /* Build configuration list for PBXNativeTarget "MemoOC" */;
			buildPhases = (
				120E9BCBC66536605B1123FE /* Check Pods Manifest.lock */,
				B2F88C811B6B9712002567BE /* Sources */,
				B2F88C821B6B9712002567BE /* Frameworks */,
				B2F88C831B6B9712002567BE /* Resources */,
				675C2A65348A633AE51BC211 /* Copy Pods Resources */,
			);
			buildRules = (
			);
			dependencies = (
			);
			name = MemoOC;
			productName = MemoOC;
			productReference = B2F88C851B6B9712002567BE /* MemoOC.app */;
			productType = "com.apple.product-type.application";
		};
		B2F88C9D1B6B9712002567BE /* MemoOCTests */ = {
			isa = PBXNativeTarget;
			buildConfigurationList = B2F88CAB1B6B9712002567BE /* Build configuration list for PBXNativeTarget "MemoOCTests" */;
			buildPhases = (
				B2F88C9A1B6B9712002567BE /* Sources */,
				B2F88C9B1B6B9712002567BE /* Frameworks */,
				B2F88C9C1B6B9712002567BE /* Resources */,
			);
			buildRules = (
			);
			dependencies = (
				B2F88CA01B6B9712002567BE /* PBXTargetDependency */,
			);
			name = MemoOCTests;
			productName = MemoOCTests;
			productReference = B2F88C9E1B6B9712002567BE /* MemoOCTests.xctest */;
			productType = "com.apple.product-type.bundle.unit-test";
		};
/* End PBXNativeTarget section */

/* Begin PBXProject section */
		B2F88C7D1B6B9712002567BE /* Project object */ = {
			isa = PBXProject;
			attributes = {
				LastUpgradeCheck = 0640;
				ORGANIZATIONNAME = childrenOurFuture;
				TargetAttributes = {
					B2F88C841B6B9712002567BE = {
						CreatedOnToolsVersion = 6.4;
						DevelopmentTeam = 24EL9XJBYB;
					};
					B2F88C9D1B6B9712002567BE = {
						CreatedOnToolsVersion = 6.4;
						TestTargetID = B2F88C841B6B9712002567BE;
					};
				};
			};
			buildConfigurationList = B2F88C801B6B9712002567BE /* Build configuration list for PBXProject "MemoOC" */;
			compatibilityVersion = "Xcode 3.2";
			developmentRegion = English;
			hasScannedForEncodings = 0;
			knownRegions = (
				en,
				Base,
			);
			mainGroup = B2F88C7C1B6B9711002567BE;
			productRefGroup = B2F88C861B6B9712002567BE /* Products */;
			projectDirPath = "";
			projectRoot = "";
			targets = (
				B2F88C841B6B9712002567BE /* MemoOC */,
				B2F88C9D1B6B9712002567BE /* MemoOCTests */,
			);
		};
/* End PBXProject section */

/* Begin PBXResourcesBuildPhase section */
		B2F88C831B6B9712002567BE /* Resources */ = {
			isa = PBXResourcesBuildPhase;
			buildActionMask = 2147483647;
			files = (
				B2F88C991B6B9712002567BE /* LaunchScreen.xib in Resources */,
				B2F88D101B6BC6C4002567BE /* Main.Storyboard in Resources */,
				B2BCF5B21B7C471400464E67 /* Images.xcassets in Resources */,
				B2F88CE61B6B99A6002567BE /* Note.storyboard in Resources */,
				B2FB707E1B6DF2C500BA05AA /* SettingList.plist in Resources */,
				B2F9DE251B6C722E003A7DCA /* NoteList.plist in Resources */,
				B2FB70791B6DF23800BA05AA /* Setting.storyboard in Resources */,
			);
			runOnlyForDeploymentPostprocessing = 0;
		};
		B2F88C9C1B6B9712002567BE /* Resources */ = {
			isa = PBXResourcesBuildPhase;
			buildActionMask = 2147483647;
			files = (
			);
			runOnlyForDeploymentPostprocessing = 0;
		};
/* End PBXResourcesBuildPhase section */

/* Begin PBXShellScriptBuildPhase section */
		120E9BCBC66536605B1123FE /* Check Pods Manifest.lock */ = {
			isa = PBXShellScriptBuildPhase;
			buildActionMask = 2147483647;
			files = (
			);
			inputPaths = (
			);
			name = "Check Pods Manifest.lock";
			outputPaths = (
			);
			runOnlyForDeploymentPostprocessing = 0;
			shellPath = /bin/sh;
			shellScript = "diff \"${PODS_ROOT}/../Podfile.lock\" \"${PODS_ROOT}/Manifest.lock\" > /dev/null\nif [[ $? != 0 ]] ; then\n    cat << EOM\nerror: The sandbox is not in sync with the Podfile.lock. Run 'pod install' or update your CocoaPods installation.\nEOM\n    exit 1\nfi\n";
			showEnvVarsInLog = 0;
		};
		675C2A65348A633AE51BC211 /* Copy Pods Resources */ = {
			isa = PBXShellScriptBuildPhase;
			buildActionMask = 2147483647;
			files = (
			);
			inputPaths = (
			);
			name = "Copy Pods Resources";
			outputPaths = (
			);
			runOnlyForDeploymentPostprocessing = 0;
			shellPath = /bin/sh;
			shellScript = "\"${SRCROOT}/Pods/Target Support Files/Pods-MemoOC/Pods-MemoOC-resources.sh\"\n";
			showEnvVarsInLog = 0;
		};
/* End PBXShellScriptBuildPhase section */

/* Begin PBXSourcesBuildPhase section */
		B2F88C811B6B9712002567BE /* Sources */ = {
			isa = PBXSourcesBuildPhase;
			buildActionMask = 2147483647;
			files = (
				B2F88D0B1B6BBEA3002567BE /* MMTouchLockSplashViewController.m in Sources */,
				B2FB707C1B6DF27400BA05AA /* MMSettingTableViewController.m in Sources */,
				B2FB15191B71F15700624419 /* MMNoteEditViewController.m in Sources */,
				B25AAC9F1B6F53A500E2502F /* MMTableViewController.m in Sources */,
				B2F88C8E1B6B9712002567BE /* AppDelegate.m in Sources */,
				B2F88CF81B6B9A06002567BE /* CommonHelper.m in Sources */,
				B2FB151A1B71F15700624419 /* MMNoteListViewController.m in Sources */,
				B2F88C8B1B6B9712002567BE /* main.m in Sources */,
				B2F9DE281B6C7269003A7DCA /* MMNoteData.m in Sources */,
				B2FB2CE41B70693400F8F605 /* MMNavigationController.m in Sources */,
				B2FB15271B71F7AB00624419 /* MMNotebookCreateTableViewController.m in Sources */,
				B25AACA21B6F5A5600E2502F /* AccessHelper.m in Sources */,
				B2FB151B1B71F15700624419 /* MMNotebookSelectionTableViewController.m in Sources */,
				B2F88CFC1B6B9AA7002567BE /* MMViewController.m in Sources */,
				B2F9DE2B1B6C79B9003A7DCA /* FMDBHelper.m in Sources */,
				B2F88D021B6B9C57002567BE /* MMTabBarController.m in Sources */,
				B2FB15241B71F49600624419 /* MMNotebookCreateViewController.m in Sources */,
				B2F88D0E1B6BBEE8002567BE /* MMNoteEditTextView.m in Sources */,
			);
			runOnlyForDeploymentPostprocessing = 0;
		};
		B2F88C9A1B6B9712002567BE /* Sources */ = {
			isa = PBXSourcesBuildPhase;
			buildActionMask = 2147483647;
			files = (
				B2F88CA51B6B9712002567BE /* MemoOCTests.m in Sources */,
			);
			runOnlyForDeploymentPostprocessing = 0;
		};
/* End PBXSourcesBuildPhase section */

/* Begin PBXTargetDependency section */
		B2F88CA01B6B9712002567BE /* PBXTargetDependency */ = {
			isa = PBXTargetDependency;
			target = B2F88C841B6B9712002567BE /* MemoOC */;
			targetProxy = B2F88C9F1B6B9712002567BE /* PBXContainerItemProxy */;
		};
/* End PBXTargetDependency section */

/* Begin PBXVariantGroup section */
		B2F88C971B6B9712002567BE /* LaunchScreen.xib */ = {
			isa = PBXVariantGroup;
			children = (
				B2F88C981B6B9712002567BE /* Base */,
			);
			name = LaunchScreen.xib;
			sourceTree = "<group>";
		};
/* End PBXVariantGroup section */

/* Begin XCBuildConfiguration section */
		B2F88CA61B6B9712002567BE /* Debug */ = {
			isa = XCBuildConfiguration;
			buildSettings = {
				ALWAYS_SEARCH_USER_PATHS = NO;
				CLANG_CXX_LANGUAGE_STANDARD = "gnu++0x";
				CLANG_CXX_LIBRARY = "libc++";
				CLANG_ENABLE_MODULES = YES;
				CLANG_ENABLE_OBJC_ARC = YES;
				CLANG_WARN_BOOL_CONVERSION = YES;
				CLANG_WARN_CONSTANT_CONVERSION = YES;
				CLANG_WARN_DIRECT_OBJC_ISA_USAGE = YES_ERROR;
				CLANG_WARN_EMPTY_BODY = YES;
				CLANG_WARN_ENUM_CONVERSION = YES;
				CLANG_WARN_INT_CONVERSION = YES;
				CLANG_WARN_OBJC_ROOT_CLASS = YES_ERROR;
				CLANG_WARN_UNREACHABLE_CODE = YES;
				CLANG_WARN__DUPLICATE_METHOD_MATCH = YES;
				"CODE_SIGN_IDENTITY[sdk=iphoneos*]" = "iPhone Developer";
				COPY_PHASE_STRIP = NO;
				DEBUG_INFORMATION_FORMAT = "dwarf-with-dsym";
				ENABLE_STRICT_OBJC_MSGSEND = YES;
				GCC_C_LANGUAGE_STANDARD = gnu99;
				GCC_DYNAMIC_NO_PIC = NO;
				GCC_NO_COMMON_BLOCKS = YES;
				GCC_OPTIMIZATION_LEVEL = 0;
				GCC_PREPROCESSOR_DEFINITIONS = (
					"DEBUG=1",
					"$(inherited)",
				);
				GCC_SYMBOLS_PRIVATE_EXTERN = NO;
				GCC_WARN_64_TO_32_BIT_CONVERSION = YES;
				GCC_WARN_ABOUT_RETURN_TYPE = YES_ERROR;
				GCC_WARN_UNDECLARED_SELECTOR = YES;
				GCC_WARN_UNINITIALIZED_AUTOS = YES_AGGRESSIVE;
				GCC_WARN_UNUSED_FUNCTION = YES;
				GCC_WARN_UNUSED_VARIABLE = YES;
				IPHONEOS_DEPLOYMENT_TARGET = 8.4;
				MTL_ENABLE_DEBUG_INFO = YES;
				ONLY_ACTIVE_ARCH = YES;
				SDKROOT = iphoneos;
				TARGETED_DEVICE_FAMILY = "1,2";
			};
			name = Debug;
		};
		B2F88CA71B6B9712002567BE /* Release */ = {
			isa = XCBuildConfiguration;
			buildSettings = {
				ALWAYS_SEARCH_USER_PATHS = NO;
				CLANG_CXX_LANGUAGE_STANDARD = "gnu++0x";
				CLANG_CXX_LIBRARY = "libc++";
				CLANG_ENABLE_MODULES = YES;
				CLANG_ENABLE_OBJC_ARC = YES;
				CLANG_WARN_BOOL_CONVERSION = YES;
				CLANG_WARN_CONSTANT_CONVERSION = YES;
				CLANG_WARN_DIRECT_OBJC_ISA_USAGE = YES_ERROR;
				CLANG_WARN_EMPTY_BODY = YES;
				CLANG_WARN_ENUM_CONVERSION = YES;
				CLANG_WARN_INT_CONVERSION = YES;
				CLANG_WARN_OBJC_ROOT_CLASS = YES_ERROR;
				CLANG_WARN_UNREACHABLE_CODE = YES;
				CLANG_WARN__DUPLICATE_METHOD_MATCH = YES;
				"CODE_SIGN_IDENTITY[sdk=iphoneos*]" = "iPhone Developer";
				COPY_PHASE_STRIP = NO;
				DEBUG_INFORMATION_FORMAT = "dwarf-with-dsym";
				ENABLE_NS_ASSERTIONS = NO;
				ENABLE_STRICT_OBJC_MSGSEND = YES;
				GCC_C_LANGUAGE_STANDARD = gnu99;
				GCC_NO_COMMON_BLOCKS = YES;
				GCC_WARN_64_TO_32_BIT_CONVERSION = YES;
				GCC_WARN_ABOUT_RETURN_TYPE = YES_ERROR;
				GCC_WARN_UNDECLARED_SELECTOR = YES;
				GCC_WARN_UNINITIALIZED_AUTOS = YES_AGGRESSIVE;
				GCC_WARN_UNUSED_FUNCTION = YES;
				GCC_WARN_UNUSED_VARIABLE = YES;
				IPHONEOS_DEPLOYMENT_TARGET = 8.4;
				MTL_ENABLE_DEBUG_INFO = NO;
				SDKROOT = iphoneos;
				TARGETED_DEVICE_FAMILY = "1,2";
				VALIDATE_PRODUCT = YES;
			};
			name = Release;
		};
		B2F88CA91B6B9712002567BE /* Debug */ = {
			isa = XCBuildConfiguration;
			baseConfigurationReference = 4283CCFC37DA233488C5BB96 /* Pods-MemoOC.debug.xcconfig */;
			buildSettings = {
				ARCHS = "$(ARCHS_STANDARD)";
				ASSETCATALOG_COMPILER_APPICON_NAME = AppIcon;
				ASSETCATALOG_COMPILER_LAUNCHIMAGE_NAME = LaunchImage;
				CODE_SIGN_IDENTITY = "iPhone Developer";
				"CODE_SIGN_IDENTITY[sdk=iphoneos*]" = "iPhone Developer";
				GCC_PRECOMPILE_PREFIX_HEADER = YES;
				GCC_PREFIX_HEADER = "MemoOC/MemoOC-Prefix.pch";
				INFOPLIST_FILE = MemoOC/Info.plist;
				IPHONEOS_DEPLOYMENT_TARGET = 7.0;
				LD_RUNPATH_SEARCH_PATHS = "$(inherited) @executable_path/Frameworks";
				PRODUCT_NAME = "$(TARGET_NAME)";
				PROVISIONING_PROFILE = "";
				TARGETED_DEVICE_FAMILY = 1;
			};
			name = Debug;
		};
		B2F88CAA1B6B9712002567BE /* Release */ = {
			isa = XCBuildConfiguration;
			baseConfigurationReference = 0CB710FF5605CD19DEE6C6B1 /* Pods-MemoOC.release.xcconfig */;
			buildSettings = {
				ARCHS = "$(ARCHS_STANDARD)";
				ASSETCATALOG_COMPILER_APPICON_NAME = AppIcon;
				ASSETCATALOG_COMPILER_LAUNCHIMAGE_NAME = LaunchImage;
				CODE_SIGN_IDENTITY = "iPhone Developer";
				"CODE_SIGN_IDENTITY[sdk=iphoneos*]" = "iPhone Developer";
				GCC_PRECOMPILE_PREFIX_HEADER = YES;
				GCC_PREFIX_HEADER = "MemoOC/MemoOC-Prefix.pch";
				INFOPLIST_FILE = MemoOC/Info.plist;
				IPHONEOS_DEPLOYMENT_TARGET = 7.0;
				LD_RUNPATH_SEARCH_PATHS = "$(inherited) @executable_path/Frameworks";
				PRODUCT_NAME = "$(TARGET_NAME)";
				PROVISIONING_PROFILE = "";
				TARGETED_DEVICE_FAMILY = 1;
			};
			name = Release;
		};
		B2F88CAC1B6B9712002567BE /* Debug */ = {
			isa = XCBuildConfiguration;
			buildSettings = {
				BUNDLE_LOADER = "$(TEST_HOST)";
				FRAMEWORK_SEARCH_PATHS = (
					"$(SDKROOT)/Developer/Library/Frameworks",
					"$(inherited)",
				);
				GCC_PREPROCESSOR_DEFINITIONS = (
					"DEBUG=1",
					"$(inherited)",
				);
				INFOPLIST_FILE = MemoOCTests/Info.plist;
				LD_RUNPATH_SEARCH_PATHS = "$(inherited) @executable_path/Frameworks @loader_path/Frameworks";
				PRODUCT_NAME = "$(TARGET_NAME)";
				TEST_HOST = "$(BUILT_PRODUCTS_DIR)/MemoOC.app/MemoOC";
			};
			name = Debug;
		};
		B2F88CAD1B6B9712002567BE /* Release */ = {
			isa = XCBuildConfiguration;
			buildSettings = {
				BUNDLE_LOADER = "$(TEST_HOST)";
				FRAMEWORK_SEARCH_PATHS = (
					"$(SDKROOT)/Developer/Library/Frameworks",
					"$(inherited)",
				);
				INFOPLIST_FILE = MemoOCTests/Info.plist;
				LD_RUNPATH_SEARCH_PATHS = "$(inherited) @executable_path/Frameworks @loader_path/Frameworks";
				PRODUCT_NAME = "$(TARGET_NAME)";
				TEST_HOST = "$(BUILT_PRODUCTS_DIR)/MemoOC.app/MemoOC";
			};
			name = Release;
		};
/* End XCBuildConfiguration section */

/* Begin XCConfigurationList section */
		B2F88C801B6B9712002567BE /* Build configuration list for PBXProject "MemoOC" */ = {
			isa = XCConfigurationList;
			buildConfigurations = (
				B2F88CA61B6B9712002567BE /* Debug */,
				B2F88CA71B6B9712002567BE /* Release */,
			);
			defaultConfigurationIsVisible = 0;
			defaultConfigurationName = Release;
		};
		B2F88CA81B6B9712002567BE /* Build configuration list for PBXNativeTarget "MemoOC" */ = {
			isa = XCConfigurationList;
			buildConfigurations = (
				B2F88CA91B6B9712002567BE /* Debug */,
				B2F88CAA1B6B9712002567BE /* Release */,
			);
			defaultConfigurationIsVisible = 0;
			defaultConfigurationName = Release;
		};
		B2F88CAB1B6B9712002567BE /* Build configuration list for PBXNativeTarget "MemoOCTests" */ = {
			isa = XCConfigurationList;
			buildConfigurations = (
				B2F88CAC1B6B9712002567BE /* Debug */,
				B2F88CAD1B6B9712002567BE /* Release */,
			);
			defaultConfigurationIsVisible = 0;
			defaultConfigurationName = Release;
		};
/* End XCConfigurationList section */
	};
	rootObject = B2F88C7D1B6B9712002567BE /* Project object */;
}
